
Microsoft Visual Studio Solution File, Format Version 11.00
# Visual Studio 2010
Project("{F088123C-0E9E-452A-89E6-6BA2F21D5CAC}") = "AMHS", "AMHS\AMHS.modelproj", "{099D7056-63B2-4F2F-B325-3692A2182B1C}"
EndProject
Global
	GlobalSection(SolutionConfigurationPlatforms) = preSolution
		Debug|Any CPU = Debug|Any CPU
		Release|Any CPU = Release|Any CPU
	EndGlobalSection
	GlobalSection(ProjectConfigurationPlatforms) = postSolution
		{099D7056-63B2-4F2F-B325-3692A2182B1C}.Debug|Any CPU.ActiveCfg = Debug|Any CPU
		{099D7056-63B2-4F2F-B325-3692A2182B1C}.Debug|Any CPU.Build.0 = Debug|Any CPU
		{099D7056-63B2-4F2F-B325-3692A2182B1C}.Release|Any CPU.ActiveCfg = Release|Any CPU
		{099D7056-63B2-4F2F-B325-3692A2182B1C}.Release|Any CPU.Build.0 = Release|Any CPU
	EndGlobalSection
	GlobalSection(SolutionProperties) = preSolution
		HideSolutionNode = FALSE
	EndGlobalSection
EndGlobal
