<?xml version="1.0" encoding="utf-8"?>
<Project ToolsVersion="4.0" xmlns="http://schemas.microsoft.com/developer/msbuild/2003">
  <ItemGroup>
    <Filter Include="源文件">
      <UniqueIdentifier>{f60430ba-3e4c-4748-9912-1471f2b911ba}</UniqueIdentifier>
    </Filter>
    <Filter Include="生成的文件">
      <UniqueIdentifier>{c1d1480a-1b8f-4826-96dc-033d28bcf665}</UniqueIdentifier>
      <SourceControlFiles>False</SourceControlFiles>
    </Filter>
  </ItemGroup>
  <ItemGroup>
    <None Include="McsLogServiceps.def" />
  </ItemGroup>
  <ItemGroup>
    <ClCompile Include="McsLogService_i.c">
      <Filter>生成的文件</Filter>
    </ClCompile>
    <ClCompile Include="McsLogService_p.c">
      <Filter>生成的文件</Filter>
    </ClCompile>
    <ClCompile Include="dlldata.c">
      <Filter>生成的文件</Filter>
    </ClCompile>
  </ItemGroup>
</Project>