
Microsoft Visual Studio Solution File, Format Version 11.00
# Visual Studio 2010
Project("{8BC9CEB8-8B4A-11D0-8D11-00A0C91BC942}") = "simulatedOHT", "simulatedOHT\simulatedOHT.vcxproj", "{A60E691E-DDEB-4BE8-BAA3-6523EF437F05}"
EndProject
Global
	GlobalSection(SolutionConfigurationPlatforms) = preSolution
		Debug|Win32 = Debug|Win32
		Release|Win32 = Release|Win32
	EndGlobalSection
	GlobalSection(ProjectConfigurationPlatforms) = postSolution
		{A60E691E-DDEB-4BE8-BAA3-6523EF437F05}.Debug|Win32.ActiveCfg = Debug|Win32
		{A60E691E-DDEB-4BE8-BAA3-6523EF437F05}.Debug|Win32.Build.0 = Debug|Win32
		{A60E691E-DDEB-4BE8-BAA3-6523EF437F05}.Release|Win32.ActiveCfg = Release|Win32
		{A60E691E-DDEB-4BE8-BAA3-6523EF437F05}.Release|Win32.Build.0 = Release|Win32
	EndGlobalSection
	GlobalSection(SolutionProperties) = preSolution
		HideSolutionNode = FALSE
	EndGlobalSection
EndGlobal
