
Microsoft Visual Studio Solution File, Format Version 11.00
# Visual Studio 2010
Project("{8BC9CEB8-8B4A-11D0-8D11-00A0C91BC942}") = "AMHSDrive", "AMHSDrive\AMHSDrive.vcxproj", "{DD403BA0-0962-4572-A5BA-AE0709C653E5}"
EndProject
Project("{8BC9CEB8-8B4A-11D0-8D11-00A0C91BC942}") = "AMHSDeviceTest", "AMHSDeviceTest\AMHSDeviceTest.vcxproj", "{1783E671-E7EA-473B-8E03-BF510A5F751C}"
EndProject
Project("{8BC9CEB8-8B4A-11D0-8D11-00A0C91BC942}") = "VAMHSTest", "VAMHSTest\VAMHSTest.vcxproj", "{99295BE8-EB58-463F-B4E2-B51C474E05F5}"
EndProject
Project("{8BC9CEB8-8B4A-11D0-8D11-00A0C91BC942}") = "VirualAMHS", "VirualAMHS\VirualAMHS.vcxproj", "{D4A59A3C-5786-4FC5-8FC3-7C4308B75A3F}"
EndProject
Global
	GlobalSection(SolutionConfigurationPlatforms) = preSolution
		Debug|Win32 = Debug|Win32
		Release|Win32 = Release|Win32
	EndGlobalSection
	GlobalSection(ProjectConfigurationPlatforms) = postSolution
		{DD403BA0-0962-4572-A5BA-AE0709C653E5}.Debug|Win32.ActiveCfg = Debug|Win32
		{DD403BA0-0962-4572-A5BA-AE0709C653E5}.Debug|Win32.Build.0 = Debug|Win32
		{DD403BA0-0962-4572-A5BA-AE0709C653E5}.Release|Win32.ActiveCfg = Release|Win32
		{DD403BA0-0962-4572-A5BA-AE0709C653E5}.Release|Win32.Build.0 = Release|Win32
		{1783E671-E7EA-473B-8E03-BF510A5F751C}.Debug|Win32.ActiveCfg = Debug|Win32
		{1783E671-E7EA-473B-8E03-BF510A5F751C}.Debug|Win32.Build.0 = Debug|Win32
		{1783E671-E7EA-473B-8E03-BF510A5F751C}.Release|Win32.ActiveCfg = Release|Win32
		{1783E671-E7EA-473B-8E03-BF510A5F751C}.Release|Win32.Build.0 = Release|Win32
		{99295BE8-EB58-463F-B4E2-B51C474E05F5}.Debug|Win32.ActiveCfg = Debug|Win32
		{99295BE8-EB58-463F-B4E2-B51C474E05F5}.Debug|Win32.Build.0 = Debug|Win32
		{99295BE8-EB58-463F-B4E2-B51C474E05F5}.Release|Win32.ActiveCfg = Release|Win32
		{99295BE8-EB58-463F-B4E2-B51C474E05F5}.Release|Win32.Build.0 = Release|Win32
		{D4A59A3C-5786-4FC5-8FC3-7C4308B75A3F}.Debug|Win32.ActiveCfg = Debug|Win32
		{D4A59A3C-5786-4FC5-8FC3-7C4308B75A3F}.Debug|Win32.Build.0 = Debug|Win32
		{D4A59A3C-5786-4FC5-8FC3-7C4308B75A3F}.Release|Win32.ActiveCfg = Release|Win32
		{D4A59A3C-5786-4FC5-8FC3-7C4308B75A3F}.Release|Win32.Build.0 = Release|Win32
	EndGlobalSection
	GlobalSection(SolutionProperties) = preSolution
		HideSolutionNode = FALSE
	EndGlobalSection
EndGlobal
