
Microsoft Visual Studio Solution File, Format Version 11.00
# Visual Studio 2010
Project("{8BC9CEB8-8B4A-11D0-8D11-00A0C91BC942}") = "VehicleMove", "VehicleMove\VehicleMove.vcxproj", "{B887C56A-B9A3-4738-B135-27C6DD11C5A9}"
EndProject
Project("{8BC9CEB8-8B4A-11D0-8D11-00A0C91BC942}") = "FoupMove", "FoupMove\FoupMove.vcxproj", "{315EFB0B-3883-4B56-8E6E-3DBE0BC64EC5}"
	ProjectSection(ProjectDependencies) = postProject
		{20C1D753-B7FF-4728-B0D5-F43AC4FF983B} = {20C1D753-B7FF-4728-B0D5-F43AC4FF983B}
		{B887C56A-B9A3-4738-B135-27C6DD11C5A9} = {B887C56A-B9A3-4738-B135-27C6DD11C5A9}
	EndProjectSection
EndProject
Project("{8BC9CEB8-8B4A-11D0-8D11-00A0C91BC942}") = "ForkTrans", "ForkTrans\ForkTrans.vcxproj", "{20C1D753-B7FF-4728-B0D5-F43AC4FF983B}"
EndProject
Project("{2150E333-8FDC-42A3-9474-1A3956D46DE8}") = "sFoupMove", "sFoupMove", "{6694B395-58DC-4D62-BF7C-34EAE1798C28}"
EndProject
Project("{2150E333-8FDC-42A3-9474-1A3956D46DE8}") = "VehManager", "VehManager", "{8C15FB66-C505-4990-821C-3010DECA957A}"
EndProject
Project("{2150E333-8FDC-42A3-9474-1A3956D46DE8}") = "MES", "MES", "{9A5E730C-D48F-4705-93E0-5D822E4206E4}"
EndProject
Project("{8BC9CEB8-8B4A-11D0-8D11-00A0C91BC942}") = "SiaMCSYS", "SiaMCSYS\SiaMCSYS.vcxproj", "{4830E713-CF35-424A-B51E-17C98DFE06C1}"
	ProjectSection(ProjectDependencies) = postProject
		{D36FC349-9736-4DC3-9814-9BD612AC4EF6} = {D36FC349-9736-4DC3-9814-9BD612AC4EF6}
		{DD403BA0-0962-4572-A5BA-AE0709C653E5} = {DD403BA0-0962-4572-A5BA-AE0709C653E5}
		{E930CBCB-4442-45E5-83B5-B74C1EC9136B} = {E930CBCB-4442-45E5-83B5-B74C1EC9136B}
		{34DECEE2-6CC8-4641-902B-BEB859100F98} = {34DECEE2-6CC8-4641-902B-BEB859100F98}
		{F8DAACF3-18A0-4606-BB4E-BB90C0D44AC3} = {F8DAACF3-18A0-4606-BB4E-BB90C0D44AC3}
		{3A4280FB-0DA9-45D0-B645-F05071BAC2BD} = {3A4280FB-0DA9-45D0-B645-F05071BAC2BD}
	EndProjectSection
EndProject
Project("{8BC9CEB8-8B4A-11D0-8D11-00A0C91BC942}") = "MesLink", "MesLink\MesLink.vcxproj", "{D36FC349-9736-4DC3-9814-9BD612AC4EF6}"
	ProjectSection(ProjectDependencies) = postProject
		{9AB42935-D58D-493A-B86E-0C3909DB7457} = {9AB42935-D58D-493A-B86E-0C3909DB7457}
	EndProjectSection
EndProject
Project("{8BC9CEB8-8B4A-11D0-8D11-00A0C91BC942}") = "IceBase", "IceBase\IceBase.vcxproj", "{9AB42935-D58D-493A-B86E-0C3909DB7457}"
	ProjectSection(ProjectDependencies) = postProject
		{34DECEE2-6CC8-4641-902B-BEB859100F98} = {34DECEE2-6CC8-4641-902B-BEB859100F98}
	EndProjectSection
EndProject
Project("{2150E333-8FDC-42A3-9474-1A3956D46DE8}") = "baselib", "baselib", "{304F2409-5EE4-4396-9776-1A5D2A57DE10}"
EndProject
Project("{8BC9CEB8-8B4A-11D0-8D11-00A0C91BC942}") = "GuiHub", "GuiHub\GuiHub.vcxproj", "{E930CBCB-4442-45E5-83B5-B74C1EC9136B}"
	ProjectSection(ProjectDependencies) = postProject
		{DD403BA0-0962-4572-A5BA-AE0709C653E5} = {DD403BA0-0962-4572-A5BA-AE0709C653E5}
		{3A4280FB-0DA9-45D0-B645-F05071BAC2BD} = {3A4280FB-0DA9-45D0-B645-F05071BAC2BD}
	EndProjectSection
EndProject
Project("{2150E333-8FDC-42A3-9474-1A3956D46DE8}") = "GUI", "GUI", "{145AA424-FC24-4198-B036-0D7544615311}"
EndProject
Project("{2150E333-8FDC-42A3-9474-1A3956D46DE8}") = "SqlDB", "SqlDB", "{624173AC-7DDB-47D9-AF83-4A7E746712EC}"
EndProject
Project("{8BC9CEB8-8B4A-11D0-8D11-00A0C91BC942}") = "SqlAceCli", "SqlAceCli\SqlAceCli.vcxproj", "{3A4280FB-0DA9-45D0-B645-F05071BAC2BD}"
	ProjectSection(ProjectDependencies) = postProject
		{6645688D-42CC-454C-A38E-852731DBC55F} = {6645688D-42CC-454C-A38E-852731DBC55F}
	EndProjectSection
EndProject
Project("{8BC9CEB8-8B4A-11D0-8D11-00A0C91BC942}") = "CypTest", "CypTest\CypTest.vcxproj", "{7334685B-EC50-40F6-98D8-82AB483FCBF4}"
	ProjectSection(ProjectDependencies) = postProject
		{6645688D-42CC-454C-A38E-852731DBC55F} = {6645688D-42CC-454C-A38E-852731DBC55F}
	EndProjectSection
EndProject
Project("{8BC9CEB8-8B4A-11D0-8D11-00A0C91BC942}") = "CypAce", "CypAce\CypAce.vcxproj", "{6645688D-42CC-454C-A38E-852731DBC55F}"
EndProject
Project("{FAE04EC0-301F-11D3-BF4B-00C04F79EFBC}") = "UserTest", "UserTest\UserTest.csproj", "{6C09471F-F39E-46BD-9778-801F3D37ED9E}"
EndProject
Project("{2150E333-8FDC-42A3-9474-1A3956D46DE8}") = "DevDrive", "DevDrive", "{E6E0A600-D7E1-441C-BEAB-3907A7CACAF5}"
EndProject
Project("{8BC9CEB8-8B4A-11D0-8D11-00A0C91BC942}") = "AMHSDrive", "AMHSDrive\AMHSDrive.vcxproj", "{DD403BA0-0962-4572-A5BA-AE0709C653E5}"
	ProjectSection(ProjectDependencies) = postProject
		{34DECEE2-6CC8-4641-902B-BEB859100F98} = {34DECEE2-6CC8-4641-902B-BEB859100F98}
		{3A4280FB-0DA9-45D0-B645-F05071BAC2BD} = {3A4280FB-0DA9-45D0-B645-F05071BAC2BD}
	EndProjectSection
EndProject
Project("{8BC9CEB8-8B4A-11D0-8D11-00A0C91BC942}") = "AMHSDeviceTest", "AMHSDeviceTest\AMHSDeviceTest.vcxproj", "{1783E671-E7EA-473B-8E03-BF510A5F751C}"
EndProject
Project("{8BC9CEB8-8B4A-11D0-8D11-00A0C91BC942}") = "VAMHSTest", "VAMHSTest\VAMHSTest.vcxproj", "{99295BE8-EB58-463F-B4E2-B51C474E05F5}"
	ProjectSection(ProjectDependencies) = postProject
		{D4A59A3C-5786-4FC5-8FC3-7C4308B75A3F} = {D4A59A3C-5786-4FC5-8FC3-7C4308B75A3F}
	EndProjectSection
EndProject
Project("{8BC9CEB8-8B4A-11D0-8D11-00A0C91BC942}") = "shared", "shared\shared.vcxproj", "{34DECEE2-6CC8-4641-902B-BEB859100F98}"
EndProject
Project("{8BC9CEB8-8B4A-11D0-8D11-00A0C91BC942}") = "DriveTestConsol", "DriveTestConsol\DriveTestConsol.vcxproj", "{FED1A1F6-9D70-42DB-A445-AEF8F074F99C}"
	ProjectSection(ProjectDependencies) = postProject
		{34DECEE2-6CC8-4641-902B-BEB859100F98} = {34DECEE2-6CC8-4641-902B-BEB859100F98}
	EndProjectSection
EndProject
Project("{2150E333-8FDC-42A3-9474-1A3956D46DE8}") = "Path", "Path", "{8B1EFD6D-7B7D-43CE-8BE6-36DBD0766A86}"
EndProject
Project("{8BC9CEB8-8B4A-11D0-8D11-00A0C91BC942}") = "PathFinder", "PathFinder\PathFinder.vcxproj", "{F8DAACF3-18A0-4606-BB4E-BB90C0D44AC3}"
	ProjectSection(ProjectDependencies) = postProject
		{3A4280FB-0DA9-45D0-B645-F05071BAC2BD} = {3A4280FB-0DA9-45D0-B645-F05071BAC2BD}
	EndProjectSection
EndProject
Project("{8BC9CEB8-8B4A-11D0-8D11-00A0C91BC942}") = "VirtualAMHS", "VirtualAMHS\VirualAMHS.vcxproj", "{D4A59A3C-5786-4FC5-8FC3-7C4308B75A3F}"
	ProjectSection(ProjectDependencies) = postProject
		{34DECEE2-6CC8-4641-902B-BEB859100F98} = {34DECEE2-6CC8-4641-902B-BEB859100F98}
	EndProjectSection
EndProject
Project("{FAE04EC0-301F-11D3-BF4B-00C04F79EFBC}") = "MCSControl", "Gui\MCSControl\MCSControl.csproj", "{93ADB545-6FDE-4995-A648-B836FF587924}"
EndProject
Project("{FAE04EC0-301F-11D3-BF4B-00C04F79EFBC}") = "GuiAccess", "Gui\GuiAccess\GuiAccess.csproj", "{C969609B-8A6A-4D79-B77B-EB7C2A5DC54E}"
EndProject
Project("{FAE04EC0-301F-11D3-BF4B-00C04F79EFBC}") = "MCSControlLib", "Gui\MCSControlLib\MCSControlLib.csproj", "{F6F8359B-9DC1-4B1E-A2B6-076DE77C8EB2}"
EndProject
Project("{2150E333-8FDC-42A3-9474-1A3956D46DE8}") = "GUI.Test", "GUI.Test", "{57D5B86F-711B-435F-83C6-F9B84C163B38}"
EndProject
Project("{2150E333-8FDC-42A3-9474-1A3956D46DE8}") = "Logger", "Logger", "{3866A5C4-D82F-488A-8B7E-C4225418A93C}"
EndProject
Project("{FAE04EC0-301F-11D3-BF4B-00C04F79EFBC}") = "LogWinTestCS", "logger\LogWinTestCS\LogWinTestCS.csproj", "{2D8FE457-571B-448B-A69A-C10DAE78EA26}"
EndProject
Project("{FAE04EC0-301F-11D3-BF4B-00C04F79EFBC}") = "LogWinClientCS", "logger\LogWinClientCS\LogWinClientCS.csproj", "{8B4D720A-A323-47E2-A215-B57DDCA254AB}"
EndProject
Global
	GlobalSection(SolutionConfigurationPlatforms) = preSolution
		Debug|Any CPU = Debug|Any CPU
		Debug|Mixed Platforms = Debug|Mixed Platforms
		Debug|Win32 = Debug|Win32
		Debug|x86 = Debug|x86
		Release|Any CPU = Release|Any CPU
		Release|Mixed Platforms = Release|Mixed Platforms
		Release|Win32 = Release|Win32
		Release|x86 = Release|x86
		Template|Any CPU = Template|Any CPU
		Template|Mixed Platforms = Template|Mixed Platforms
		Template|Win32 = Template|Win32
		Template|x86 = Template|x86
	EndGlobalSection
	GlobalSection(ProjectConfigurationPlatforms) = postSolution
		{B887C56A-B9A3-4738-B135-27C6DD11C5A9}.Debug|Any CPU.ActiveCfg = Debug|Win32
		{B887C56A-B9A3-4738-B135-27C6DD11C5A9}.Debug|Mixed Platforms.ActiveCfg = Debug|Win32
		{B887C56A-B9A3-4738-B135-27C6DD11C5A9}.Debug|Mixed Platforms.Build.0 = Debug|Win32
		{B887C56A-B9A3-4738-B135-27C6DD11C5A9}.Debug|Win32.ActiveCfg = Debug|Win32
		{B887C56A-B9A3-4738-B135-27C6DD11C5A9}.Debug|Win32.Build.0 = Debug|Win32
		{B887C56A-B9A3-4738-B135-27C6DD11C5A9}.Debug|x86.ActiveCfg = Debug|Win32
		{B887C56A-B9A3-4738-B135-27C6DD11C5A9}.Release|Any CPU.ActiveCfg = Release|Win32
		{B887C56A-B9A3-4738-B135-27C6DD11C5A9}.Release|Mixed Platforms.ActiveCfg = Release|Win32
		{B887C56A-B9A3-4738-B135-27C6DD11C5A9}.Release|Mixed Platforms.Build.0 = Release|Win32
		{B887C56A-B9A3-4738-B135-27C6DD11C5A9}.Release|Win32.ActiveCfg = Release|Win32
		{B887C56A-B9A3-4738-B135-27C6DD11C5A9}.Release|Win32.Build.0 = Release|Win32
		{B887C56A-B9A3-4738-B135-27C6DD11C5A9}.Release|x86.ActiveCfg = Release|Win32
		{B887C56A-B9A3-4738-B135-27C6DD11C5A9}.Template|Any CPU.ActiveCfg = Release|Win32
		{B887C56A-B9A3-4738-B135-27C6DD11C5A9}.Template|Mixed Platforms.ActiveCfg = Release|Win32
		{B887C56A-B9A3-4738-B135-27C6DD11C5A9}.Template|Mixed Platforms.Build.0 = Release|Win32
		{B887C56A-B9A3-4738-B135-27C6DD11C5A9}.Template|Win32.ActiveCfg = Release|Win32
		{B887C56A-B9A3-4738-B135-27C6DD11C5A9}.Template|Win32.Build.0 = Release|Win32
		{B887C56A-B9A3-4738-B135-27C6DD11C5A9}.Template|x86.ActiveCfg = Release|Win32
		{315EFB0B-3883-4B56-8E6E-3DBE0BC64EC5}.Debug|Any CPU.ActiveCfg = Debug|Win32
		{315EFB0B-3883-4B56-8E6E-3DBE0BC64EC5}.Debug|Mixed Platforms.ActiveCfg = Debug|Win32
		{315EFB0B-3883-4B56-8E6E-3DBE0BC64EC5}.Debug|Mixed Platforms.Build.0 = Debug|Win32
		{315EFB0B-3883-4B56-8E6E-3DBE0BC64EC5}.Debug|Win32.ActiveCfg = Debug|Win32
		{315EFB0B-3883-4B56-8E6E-3DBE0BC64EC5}.Debug|Win32.Build.0 = Debug|Win32
		{315EFB0B-3883-4B56-8E6E-3DBE0BC64EC5}.Debug|x86.ActiveCfg = Debug|Win32
		{315EFB0B-3883-4B56-8E6E-3DBE0BC64EC5}.Release|Any CPU.ActiveCfg = Release|Win32
		{315EFB0B-3883-4B56-8E6E-3DBE0BC64EC5}.Release|Mixed Platforms.ActiveCfg = Release|Win32
		{315EFB0B-3883-4B56-8E6E-3DBE0BC64EC5}.Release|Mixed Platforms.Build.0 = Release|Win32
		{315EFB0B-3883-4B56-8E6E-3DBE0BC64EC5}.Release|Win32.ActiveCfg = Release|Win32
		{315EFB0B-3883-4B56-8E6E-3DBE0BC64EC5}.Release|Win32.Build.0 = Release|Win32
		{315EFB0B-3883-4B56-8E6E-3DBE0BC64EC5}.Release|x86.ActiveCfg = Release|Win32
		{315EFB0B-3883-4B56-8E6E-3DBE0BC64EC5}.Template|Any CPU.ActiveCfg = Release|Win32
		{315EFB0B-3883-4B56-8E6E-3DBE0BC64EC5}.Template|Mixed Platforms.ActiveCfg = Release|Win32
		{315EFB0B-3883-4B56-8E6E-3DBE0BC64EC5}.Template|Mixed Platforms.Build.0 = Release|Win32
		{315EFB0B-3883-4B56-8E6E-3DBE0BC64EC5}.Template|Win32.ActiveCfg = Release|Win32
		{315EFB0B-3883-4B56-8E6E-3DBE0BC64EC5}.Template|Win32.Build.0 = Release|Win32
		{315EFB0B-3883-4B56-8E6E-3DBE0BC64EC5}.Template|x86.ActiveCfg = Release|Win32
		{20C1D753-B7FF-4728-B0D5-F43AC4FF983B}.Debug|Any CPU.ActiveCfg = Debug|Win32
		{20C1D753-B7FF-4728-B0D5-F43AC4FF983B}.Debug|Mixed Platforms.ActiveCfg = Debug|Win32
		{20C1D753-B7FF-4728-B0D5-F43AC4FF983B}.Debug|Mixed Platforms.Build.0 = Debug|Win32
		{20C1D753-B7FF-4728-B0D5-F43AC4FF983B}.Debug|Win32.ActiveCfg = Debug|Win32
		{20C1D753-B7FF-4728-B0D5-F43AC4FF983B}.Debug|Win32.Build.0 = Debug|Win32
		{20C1D753-B7FF-4728-B0D5-F43AC4FF983B}.Debug|x86.ActiveCfg = Debug|Win32
		{20C1D753-B7FF-4728-B0D5-F43AC4FF983B}.Release|Any CPU.ActiveCfg = Release|Win32
		{20C1D753-B7FF-4728-B0D5-F43AC4FF983B}.Release|Mixed Platforms.ActiveCfg = Release|Win32
		{20C1D753-B7FF-4728-B0D5-F43AC4FF983B}.Release|Mixed Platforms.Build.0 = Release|Win32
		{20C1D753-B7FF-4728-B0D5-F43AC4FF983B}.Release|Win32.ActiveCfg = Release|Win32
		{20C1D753-B7FF-4728-B0D5-F43AC4FF983B}.Release|Win32.Build.0 = Release|Win32
		{20C1D753-B7FF-4728-B0D5-F43AC4FF983B}.Release|x86.ActiveCfg = Release|Win32
		{20C1D753-B7FF-4728-B0D5-F43AC4FF983B}.Template|Any CPU.ActiveCfg = Release|Win32
		{20C1D753-B7FF-4728-B0D5-F43AC4FF983B}.Template|Mixed Platforms.ActiveCfg = Release|Win32
		{20C1D753-B7FF-4728-B0D5-F43AC4FF983B}.Template|Mixed Platforms.Build.0 = Release|Win32
		{20C1D753-B7FF-4728-B0D5-F43AC4FF983B}.Template|Win32.ActiveCfg = Release|Win32
		{20C1D753-B7FF-4728-B0D5-F43AC4FF983B}.Template|Win32.Build.0 = Release|Win32
		{20C1D753-B7FF-4728-B0D5-F43AC4FF983B}.Template|x86.ActiveCfg = Release|Win32
		{4830E713-CF35-424A-B51E-17C98DFE06C1}.Debug|Any CPU.ActiveCfg = Debug|Win32
		{4830E713-CF35-424A-B51E-17C98DFE06C1}.Debug|Mixed Platforms.ActiveCfg = Debug|Win32
		{4830E713-CF35-424A-B51E-17C98DFE06C1}.Debug|Mixed Platforms.Build.0 = Debug|Win32
		{4830E713-CF35-424A-B51E-17C98DFE06C1}.Debug|Win32.ActiveCfg = Debug|Win32
		{4830E713-CF35-424A-B51E-17C98DFE06C1}.Debug|Win32.Build.0 = Debug|Win32
		{4830E713-CF35-424A-B51E-17C98DFE06C1}.Debug|x86.ActiveCfg = Debug|Win32
		{4830E713-CF35-424A-B51E-17C98DFE06C1}.Release|Any CPU.ActiveCfg = Release|Win32
		{4830E713-CF35-424A-B51E-17C98DFE06C1}.Release|Mixed Platforms.ActiveCfg = Release|Win32
		{4830E713-CF35-424A-B51E-17C98DFE06C1}.Release|Mixed Platforms.Build.0 = Release|Win32
		{4830E713-CF35-424A-B51E-17C98DFE06C1}.Release|Win32.ActiveCfg = Release|Win32
		{4830E713-CF35-424A-B51E-17C98DFE06C1}.Release|Win32.Build.0 = Release|Win32
		{4830E713-CF35-424A-B51E-17C98DFE06C1}.Release|x86.ActiveCfg = Release|Win32
		{4830E713-CF35-424A-B51E-17C98DFE06C1}.Template|Any CPU.ActiveCfg = Release|Win32
		{4830E713-CF35-424A-B51E-17C98DFE06C1}.Template|Mixed Platforms.ActiveCfg = Release|Win32
		{4830E713-CF35-424A-B51E-17C98DFE06C1}.Template|Mixed Platforms.Build.0 = Release|Win32
		{4830E713-CF35-424A-B51E-17C98DFE06C1}.Template|Win32.ActiveCfg = Release|Win32
		{4830E713-CF35-424A-B51E-17C98DFE06C1}.Template|Win32.Build.0 = Release|Win32
		{4830E713-CF35-424A-B51E-17C98DFE06C1}.Template|x86.ActiveCfg = Release|Win32
		{D36FC349-9736-4DC3-9814-9BD612AC4EF6}.Debug|Any CPU.ActiveCfg = Debug|Win32
		{D36FC349-9736-4DC3-9814-9BD612AC4EF6}.Debug|Mixed Platforms.ActiveCfg = Debug|Win32
		{D36FC349-9736-4DC3-9814-9BD612AC4EF6}.Debug|Mixed Platforms.Build.0 = Debug|Win32
		{D36FC349-9736-4DC3-9814-9BD612AC4EF6}.Debug|Win32.ActiveCfg = Debug|Win32
		{D36FC349-9736-4DC3-9814-9BD612AC4EF6}.Debug|Win32.Build.0 = Debug|Win32
		{D36FC349-9736-4DC3-9814-9BD612AC4EF6}.Debug|x86.ActiveCfg = Debug|Win32
		{D36FC349-9736-4DC3-9814-9BD612AC4EF6}.Release|Any CPU.ActiveCfg = Release|Win32
		{D36FC349-9736-4DC3-9814-9BD612AC4EF6}.Release|Mixed Platforms.ActiveCfg = Release|Win32
		{D36FC349-9736-4DC3-9814-9BD612AC4EF6}.Release|Mixed Platforms.Build.0 = Release|Win32
		{D36FC349-9736-4DC3-9814-9BD612AC4EF6}.Release|Win32.ActiveCfg = Release|Win32
		{D36FC349-9736-4DC3-9814-9BD612AC4EF6}.Release|Win32.Build.0 = Release|Win32
		{D36FC349-9736-4DC3-9814-9BD612AC4EF6}.Release|x86.ActiveCfg = Release|Win32
		{D36FC349-9736-4DC3-9814-9BD612AC4EF6}.Template|Any CPU.ActiveCfg = Release|Win32
		{D36FC349-9736-4DC3-9814-9BD612AC4EF6}.Template|Mixed Platforms.ActiveCfg = Release|Win32
		{D36FC349-9736-4DC3-9814-9BD612AC4EF6}.Template|Mixed Platforms.Build.0 = Release|Win32
		{D36FC349-9736-4DC3-9814-9BD612AC4EF6}.Template|Win32.ActiveCfg = Release|Win32
		{D36FC349-9736-4DC3-9814-9BD612AC4EF6}.Template|Win32.Build.0 = Release|Win32
		{D36FC349-9736-4DC3-9814-9BD612AC4EF6}.Template|x86.ActiveCfg = Release|Win32
		{9AB42935-D58D-493A-B86E-0C3909DB7457}.Debug|Any CPU.ActiveCfg = Debug|Win32
		{9AB42935-D58D-493A-B86E-0C3909DB7457}.Debug|Mixed Platforms.ActiveCfg = Debug|Win32
		{9AB42935-D58D-493A-B86E-0C3909DB7457}.Debug|Mixed Platforms.Build.0 = Debug|Win32
		{9AB42935-D58D-493A-B86E-0C3909DB7457}.Debug|Win32.ActiveCfg = Debug|Win32
		{9AB42935-D58D-493A-B86E-0C3909DB7457}.Debug|Win32.Build.0 = Debug|Win32
		{9AB42935-D58D-493A-B86E-0C3909DB7457}.Debug|x86.ActiveCfg = Debug|Win32
		{9AB42935-D58D-493A-B86E-0C3909DB7457}.Release|Any CPU.ActiveCfg = Release|Win32
		{9AB42935-D58D-493A-B86E-0C3909DB7457}.Release|Mixed Platforms.ActiveCfg = Release|Win32
		{9AB42935-D58D-493A-B86E-0C3909DB7457}.Release|Mixed Platforms.Build.0 = Release|Win32
		{9AB42935-D58D-493A-B86E-0C3909DB7457}.Release|Win32.ActiveCfg = Release|Win32
		{9AB42935-D58D-493A-B86E-0C3909DB7457}.Release|Win32.Build.0 = Release|Win32
		{9AB42935-D58D-493A-B86E-0C3909DB7457}.Release|x86.ActiveCfg = Release|Win32
		{9AB42935-D58D-493A-B86E-0C3909DB7457}.Template|Any CPU.ActiveCfg = Release|Win32
		{9AB42935-D58D-493A-B86E-0C3909DB7457}.Template|Mixed Platforms.ActiveCfg = Release|Win32
		{9AB42935-D58D-493A-B86E-0C3909DB7457}.Template|Mixed Platforms.Build.0 = Release|Win32
		{9AB42935-D58D-493A-B86E-0C3909DB7457}.Template|Win32.ActiveCfg = Release|Win32
		{9AB42935-D58D-493A-B86E-0C3909DB7457}.Template|Win32.Build.0 = Release|Win32
		{9AB42935-D58D-493A-B86E-0C3909DB7457}.Template|x86.ActiveCfg = Release|Win32
		{E930CBCB-4442-45E5-83B5-B74C1EC9136B}.Debug|Any CPU.ActiveCfg = Debug|Win32
		{E930CBCB-4442-45E5-83B5-B74C1EC9136B}.Debug|Mixed Platforms.ActiveCfg = Debug|Win32
		{E930CBCB-4442-45E5-83B5-B74C1EC9136B}.Debug|Mixed Platforms.Build.0 = Debug|Win32
		{E930CBCB-4442-45E5-83B5-B74C1EC9136B}.Debug|Win32.ActiveCfg = Debug|Win32
		{E930CBCB-4442-45E5-83B5-B74C1EC9136B}.Debug|Win32.Build.0 = Debug|Win32
		{E930CBCB-4442-45E5-83B5-B74C1EC9136B}.Debug|x86.ActiveCfg = Debug|Win32
		{E930CBCB-4442-45E5-83B5-B74C1EC9136B}.Release|Any CPU.ActiveCfg = Release|Win32
		{E930CBCB-4442-45E5-83B5-B74C1EC9136B}.Release|Mixed Platforms.ActiveCfg = Release|Win32
		{E930CBCB-4442-45E5-83B5-B74C1EC9136B}.Release|Mixed Platforms.Build.0 = Release|Win32
		{E930CBCB-4442-45E5-83B5-B74C1EC9136B}.Release|Win32.ActiveCfg = Release|Win32
		{E930CBCB-4442-45E5-83B5-B74C1EC9136B}.Release|Win32.Build.0 = Release|Win32
		{E930CBCB-4442-45E5-83B5-B74C1EC9136B}.Release|x86.ActiveCfg = Release|Win32
		{E930CBCB-4442-45E5-83B5-B74C1EC9136B}.Template|Any CPU.ActiveCfg = Release|Win32
		{E930CBCB-4442-45E5-83B5-B74C1EC9136B}.Template|Mixed Platforms.ActiveCfg = Release|Win32
		{E930CBCB-4442-45E5-83B5-B74C1EC9136B}.Template|Mixed Platforms.Build.0 = Release|Win32
		{E930CBCB-4442-45E5-83B5-B74C1EC9136B}.Template|Win32.ActiveCfg = Release|Win32
		{E930CBCB-4442-45E5-83B5-B74C1EC9136B}.Template|Win32.Build.0 = Release|Win32
		{E930CBCB-4442-45E5-83B5-B74C1EC9136B}.Template|x86.ActiveCfg = Release|Win32
		{3A4280FB-0DA9-45D0-B645-F05071BAC2BD}.Debug|Any CPU.ActiveCfg = Debug|Win32
		{3A4280FB-0DA9-45D0-B645-F05071BAC2BD}.Debug|Mixed Platforms.ActiveCfg = Debug|Win32
		{3A4280FB-0DA9-45D0-B645-F05071BAC2BD}.Debug|Mixed Platforms.Build.0 = Debug|Win32
		{3A4280FB-0DA9-45D0-B645-F05071BAC2BD}.Debug|Win32.ActiveCfg = Debug|Win32
		{3A4280FB-0DA9-45D0-B645-F05071BAC2BD}.Debug|Win32.Build.0 = Debug|Win32
		{3A4280FB-0DA9-45D0-B645-F05071BAC2BD}.Debug|x86.ActiveCfg = Debug|Win32
		{3A4280FB-0DA9-45D0-B645-F05071BAC2BD}.Release|Any CPU.ActiveCfg = Release|Win32
		{3A4280FB-0DA9-45D0-B645-F05071BAC2BD}.Release|Mixed Platforms.ActiveCfg = Release|Win32
		{3A4280FB-0DA9-45D0-B645-F05071BAC2BD}.Release|Mixed Platforms.Build.0 = Release|Win32
		{3A4280FB-0DA9-45D0-B645-F05071BAC2BD}.Release|Win32.ActiveCfg = Release|Win32
		{3A4280FB-0DA9-45D0-B645-F05071BAC2BD}.Release|Win32.Build.0 = Release|Win32
		{3A4280FB-0DA9-45D0-B645-F05071BAC2BD}.Release|x86.ActiveCfg = Release|Win32
		{3A4280FB-0DA9-45D0-B645-F05071BAC2BD}.Template|Any CPU.ActiveCfg = Release|Win32
		{3A4280FB-0DA9-45D0-B645-F05071BAC2BD}.Template|Mixed Platforms.ActiveCfg = Release|Win32
		{3A4280FB-0DA9-45D0-B645-F05071BAC2BD}.Template|Mixed Platforms.Build.0 = Release|Win32
		{3A4280FB-0DA9-45D0-B645-F05071BAC2BD}.Template|Win32.ActiveCfg = Release|Win32
		{3A4280FB-0DA9-45D0-B645-F05071BAC2BD}.Template|Win32.Build.0 = Release|Win32
		{3A4280FB-0DA9-45D0-B645-F05071BAC2BD}.Template|x86.ActiveCfg = Release|Win32
		{7334685B-EC50-40F6-98D8-82AB483FCBF4}.Debug|Any CPU.ActiveCfg = Debug|Win32
		{7334685B-EC50-40F6-98D8-82AB483FCBF4}.Debug|Mixed Platforms.ActiveCfg = Debug|Win32
		{7334685B-EC50-40F6-98D8-82AB483FCBF4}.Debug|Mixed Platforms.Build.0 = Debug|Win32
		{7334685B-EC50-40F6-98D8-82AB483FCBF4}.Debug|Win32.ActiveCfg = Debug|Win32
		{7334685B-EC50-40F6-98D8-82AB483FCBF4}.Debug|Win32.Build.0 = Debug|Win32
		{7334685B-EC50-40F6-98D8-82AB483FCBF4}.Debug|x86.ActiveCfg = Debug|Win32
		{7334685B-EC50-40F6-98D8-82AB483FCBF4}.Release|Any CPU.ActiveCfg = Release|Win32
		{7334685B-EC50-40F6-98D8-82AB483FCBF4}.Release|Mixed Platforms.ActiveCfg = Release|Win32
		{7334685B-EC50-40F6-98D8-82AB483FCBF4}.Release|Mixed Platforms.Build.0 = Release|Win32
		{7334685B-EC50-40F6-98D8-82AB483FCBF4}.Release|Win32.ActiveCfg = Release|Win32
		{7334685B-EC50-40F6-98D8-82AB483FCBF4}.Release|Win32.Build.0 = Release|Win32
		{7334685B-EC50-40F6-98D8-82AB483FCBF4}.Release|x86.ActiveCfg = Release|Win32
		{7334685B-EC50-40F6-98D8-82AB483FCBF4}.Template|Any CPU.ActiveCfg = Release|Win32
		{7334685B-EC50-40F6-98D8-82AB483FCBF4}.Template|Mixed Platforms.ActiveCfg = Release|Win32
		{7334685B-EC50-40F6-98D8-82AB483FCBF4}.Template|Mixed Platforms.Build.0 = Release|Win32
		{7334685B-EC50-40F6-98D8-82AB483FCBF4}.Template|Win32.ActiveCfg = Release|Win32
		{7334685B-EC50-40F6-98D8-82AB483FCBF4}.Template|Win32.Build.0 = Release|Win32
		{7334685B-EC50-40F6-98D8-82AB483FCBF4}.Template|x86.ActiveCfg = Release|Win32
		{6645688D-42CC-454C-A38E-852731DBC55F}.Debug|Any CPU.ActiveCfg = Debug|Win32
		{6645688D-42CC-454C-A38E-852731DBC55F}.Debug|Mixed Platforms.ActiveCfg = Debug|Win32
		{6645688D-42CC-454C-A38E-852731DBC55F}.Debug|Mixed Platforms.Build.0 = Debug|Win32
		{6645688D-42CC-454C-A38E-852731DBC55F}.Debug|Win32.ActiveCfg = Debug|Win32
		{6645688D-42CC-454C-A38E-852731DBC55F}.Debug|Win32.Build.0 = Debug|Win32
		{6645688D-42CC-454C-A38E-852731DBC55F}.Debug|x86.ActiveCfg = Debug|Win32
		{6645688D-42CC-454C-A38E-852731DBC55F}.Release|Any CPU.ActiveCfg = Release|Win32
		{6645688D-42CC-454C-A38E-852731DBC55F}.Release|Mixed Platforms.ActiveCfg = Release|Win32
		{6645688D-42CC-454C-A38E-852731DBC55F}.Release|Mixed Platforms.Build.0 = Release|Win32
		{6645688D-42CC-454C-A38E-852731DBC55F}.Release|Win32.ActiveCfg = Release|Win32
		{6645688D-42CC-454C-A38E-852731DBC55F}.Release|Win32.Build.0 = Release|Win32
		{6645688D-42CC-454C-A38E-852731DBC55F}.Release|x86.ActiveCfg = Release|Win32
		{6645688D-42CC-454C-A38E-852731DBC55F}.Template|Any CPU.ActiveCfg = Release|Win32
		{6645688D-42CC-454C-A38E-852731DBC55F}.Template|Mixed Platforms.ActiveCfg = Release|Win32
		{6645688D-42CC-454C-A38E-852731DBC55F}.Template|Mixed Platforms.Build.0 = Release|Win32
		{6645688D-42CC-454C-A38E-852731DBC55F}.Template|Win32.ActiveCfg = Release|Win32
		{6645688D-42CC-454C-A38E-852731DBC55F}.Template|Win32.Build.0 = Release|Win32
		{6645688D-42CC-454C-A38E-852731DBC55F}.Template|x86.ActiveCfg = Release|Win32
		{6C09471F-F39E-46BD-9778-801F3D37ED9E}.Debug|Any CPU.ActiveCfg = Debug|x86
		{6C09471F-F39E-46BD-9778-801F3D37ED9E}.Debug|Mixed Platforms.ActiveCfg = Debug|x86
		{6C09471F-F39E-46BD-9778-801F3D37ED9E}.Debug|Mixed Platforms.Build.0 = Debug|x86
		{6C09471F-F39E-46BD-9778-801F3D37ED9E}.Debug|Win32.ActiveCfg = Debug|x86
		{6C09471F-F39E-46BD-9778-801F3D37ED9E}.Debug|x86.ActiveCfg = Debug|x86
		{6C09471F-F39E-46BD-9778-801F3D37ED9E}.Debug|x86.Build.0 = Debug|x86
		{6C09471F-F39E-46BD-9778-801F3D37ED9E}.Release|Any CPU.ActiveCfg = Release|x86
		{6C09471F-F39E-46BD-9778-801F3D37ED9E}.Release|Mixed Platforms.ActiveCfg = Release|x86
		{6C09471F-F39E-46BD-9778-801F3D37ED9E}.Release|Mixed Platforms.Build.0 = Release|x86
		{6C09471F-F39E-46BD-9778-801F3D37ED9E}.Release|Win32.ActiveCfg = Release|x86
		{6C09471F-F39E-46BD-9778-801F3D37ED9E}.Release|x86.ActiveCfg = Release|x86
		{6C09471F-F39E-46BD-9778-801F3D37ED9E}.Release|x86.Build.0 = Release|x86
		{6C09471F-F39E-46BD-9778-801F3D37ED9E}.Template|Any CPU.ActiveCfg = Release|x86
		{6C09471F-F39E-46BD-9778-801F3D37ED9E}.Template|Mixed Platforms.ActiveCfg = Release|x86
		{6C09471F-F39E-46BD-9778-801F3D37ED9E}.Template|Mixed Platforms.Build.0 = Release|x86
		{6C09471F-F39E-46BD-9778-801F3D37ED9E}.Template|Win32.ActiveCfg = Release|x86
		{6C09471F-F39E-46BD-9778-801F3D37ED9E}.Template|x86.ActiveCfg = Release|x86
		{6C09471F-F39E-46BD-9778-801F3D37ED9E}.Template|x86.Build.0 = Release|x86
		{DD403BA0-0962-4572-A5BA-AE0709C653E5}.Debug|Any CPU.ActiveCfg = Debug|Win32
		{DD403BA0-0962-4572-A5BA-AE0709C653E5}.Debug|Mixed Platforms.ActiveCfg = Debug|Win32
		{DD403BA0-0962-4572-A5BA-AE0709C653E5}.Debug|Mixed Platforms.Build.0 = Debug|Win32
		{DD403BA0-0962-4572-A5BA-AE0709C653E5}.Debug|Win32.ActiveCfg = Debug|Win32
		{DD403BA0-0962-4572-A5BA-AE0709C653E5}.Debug|Win32.Build.0 = Debug|Win32
		{DD403BA0-0962-4572-A5BA-AE0709C653E5}.Debug|x86.ActiveCfg = Debug|Win32
		{DD403BA0-0962-4572-A5BA-AE0709C653E5}.Release|Any CPU.ActiveCfg = Release|Win32
		{DD403BA0-0962-4572-A5BA-AE0709C653E5}.Release|Mixed Platforms.ActiveCfg = Release|Win32
		{DD403BA0-0962-4572-A5BA-AE0709C653E5}.Release|Mixed Platforms.Build.0 = Release|Win32
		{DD403BA0-0962-4572-A5BA-AE0709C653E5}.Release|Win32.ActiveCfg = Release|Win32
		{DD403BA0-0962-4572-A5BA-AE0709C653E5}.Release|Win32.Build.0 = Release|Win32
		{DD403BA0-0962-4572-A5BA-AE0709C653E5}.Release|x86.ActiveCfg = Release|Win32
		{DD403BA0-0962-4572-A5BA-AE0709C653E5}.Template|Any CPU.ActiveCfg = Release|Win32
		{DD403BA0-0962-4572-A5BA-AE0709C653E5}.Template|Mixed Platforms.ActiveCfg = Release|Win32
		{DD403BA0-0962-4572-A5BA-AE0709C653E5}.Template|Mixed Platforms.Build.0 = Release|Win32
		{DD403BA0-0962-4572-A5BA-AE0709C653E5}.Template|Win32.ActiveCfg = Release|Win32
		{DD403BA0-0962-4572-A5BA-AE0709C653E5}.Template|Win32.Build.0 = Release|Win32
		{DD403BA0-0962-4572-A5BA-AE0709C653E5}.Template|x86.ActiveCfg = Release|Win32
		{1783E671-E7EA-473B-8E03-BF510A5F751C}.Debug|Any CPU.ActiveCfg = Debug|Win32
		{1783E671-E7EA-473B-8E03-BF510A5F751C}.Debug|Mixed Platforms.ActiveCfg = Debug|Win32
		{1783E671-E7EA-473B-8E03-BF510A5F751C}.Debug|Mixed Platforms.Build.0 = Debug|Win32
		{1783E671-E7EA-473B-8E03-BF510A5F751C}.Debug|Win32.ActiveCfg = Debug|Win32
		{1783E671-E7EA-473B-8E03-BF510A5F751C}.Debug|Win32.Build.0 = Debug|Win32
		{1783E671-E7EA-473B-8E03-BF510A5F751C}.Debug|x86.ActiveCfg = Debug|Win32
		{1783E671-E7EA-473B-8E03-BF510A5F751C}.Release|Any CPU.ActiveCfg = Release|Win32
		{1783E671-E7EA-473B-8E03-BF510A5F751C}.Release|Mixed Platforms.ActiveCfg = Release|Win32
		{1783E671-E7EA-473B-8E03-BF510A5F751C}.Release|Mixed Platforms.Build.0 = Release|Win32
		{1783E671-E7EA-473B-8E03-BF510A5F751C}.Release|Win32.ActiveCfg = Release|Win32
		{1783E671-E7EA-473B-8E03-BF510A5F751C}.Release|Win32.Build.0 = Release|Win32
		{1783E671-E7EA-473B-8E03-BF510A5F751C}.Release|x86.ActiveCfg = Release|Win32
		{1783E671-E7EA-473B-8E03-BF510A5F751C}.Template|Any CPU.ActiveCfg = Release|Win32
		{1783E671-E7EA-473B-8E03-BF510A5F751C}.Template|Mixed Platforms.ActiveCfg = Release|Win32
		{1783E671-E7EA-473B-8E03-BF510A5F751C}.Template|Mixed Platforms.Build.0 = Release|Win32
		{1783E671-E7EA-473B-8E03-BF510A5F751C}.Template|Win32.ActiveCfg = Release|Win32
		{1783E671-E7EA-473B-8E03-BF510A5F751C}.Template|Win32.Build.0 = Release|Win32
		{1783E671-E7EA-473B-8E03-BF510A5F751C}.Template|x86.ActiveCfg = Release|Win32
		{99295BE8-EB58-463F-B4E2-B51C474E05F5}.Debug|Any CPU.ActiveCfg = Debug|Win32
		{99295BE8-EB58-463F-B4E2-B51C474E05F5}.Debug|Mixed Platforms.ActiveCfg = Debug|Win32
		{99295BE8-EB58-463F-B4E2-B51C474E05F5}.Debug|Mixed Platforms.Build.0 = Debug|Win32
		{99295BE8-EB58-463F-B4E2-B51C474E05F5}.Debug|Win32.ActiveCfg = Debug|Win32
		{99295BE8-EB58-463F-B4E2-B51C474E05F5}.Debug|Win32.Build.0 = Debug|Win32
		{99295BE8-EB58-463F-B4E2-B51C474E05F5}.Debug|x86.ActiveCfg = Debug|Win32
		{99295BE8-EB58-463F-B4E2-B51C474E05F5}.Release|Any CPU.ActiveCfg = Release|Win32
		{99295BE8-EB58-463F-B4E2-B51C474E05F5}.Release|Mixed Platforms.ActiveCfg = Release|Win32
		{99295BE8-EB58-463F-B4E2-B51C474E05F5}.Release|Mixed Platforms.Build.0 = Release|Win32
		{99295BE8-EB58-463F-B4E2-B51C474E05F5}.Release|Win32.ActiveCfg = Release|Win32
		{99295BE8-EB58-463F-B4E2-B51C474E05F5}.Release|Win32.Build.0 = Release|Win32
		{99295BE8-EB58-463F-B4E2-B51C474E05F5}.Release|x86.ActiveCfg = Release|Win32
		{99295BE8-EB58-463F-B4E2-B51C474E05F5}.Template|Any CPU.ActiveCfg = Release|Win32
		{99295BE8-EB58-463F-B4E2-B51C474E05F5}.Template|Mixed Platforms.ActiveCfg = Release|Win32
		{99295BE8-EB58-463F-B4E2-B51C474E05F5}.Template|Mixed Platforms.Build.0 = Release|Win32
		{99295BE8-EB58-463F-B4E2-B51C474E05F5}.Template|Win32.ActiveCfg = Release|Win32
		{99295BE8-EB58-463F-B4E2-B51C474E05F5}.Template|Win32.Build.0 = Release|Win32
		{99295BE8-EB58-463F-B4E2-B51C474E05F5}.Template|x86.ActiveCfg = Release|Win32
		{34DECEE2-6CC8-4641-902B-BEB859100F98}.Debug|Any CPU.ActiveCfg = Debug|Win32
		{34DECEE2-6CC8-4641-902B-BEB859100F98}.Debug|Mixed Platforms.ActiveCfg = Debug|Win32
		{34DECEE2-6CC8-4641-902B-BEB859100F98}.Debug|Mixed Platforms.Build.0 = Debug|Win32
		{34DECEE2-6CC8-4641-902B-BEB859100F98}.Debug|Win32.ActiveCfg = Debug|Win32
		{34DECEE2-6CC8-4641-902B-BEB859100F98}.Debug|Win32.Build.0 = Debug|Win32
		{34DECEE2-6CC8-4641-902B-BEB859100F98}.Debug|x86.ActiveCfg = Debug|Win32
		{34DECEE2-6CC8-4641-902B-BEB859100F98}.Release|Any CPU.ActiveCfg = Release|Win32
		{34DECEE2-6CC8-4641-902B-BEB859100F98}.Release|Mixed Platforms.ActiveCfg = Release|Win32
		{34DECEE2-6CC8-4641-902B-BEB859100F98}.Release|Mixed Platforms.Build.0 = Release|Win32
		{34DECEE2-6CC8-4641-902B-BEB859100F98}.Release|Win32.ActiveCfg = Release|Win32
		{34DECEE2-6CC8-4641-902B-BEB859100F98}.Release|Win32.Build.0 = Release|Win32
		{34DECEE2-6CC8-4641-902B-BEB859100F98}.Release|x86.ActiveCfg = Release|Win32
		{34DECEE2-6CC8-4641-902B-BEB859100F98}.Template|Any CPU.ActiveCfg = Release|Win32
		{34DECEE2-6CC8-4641-902B-BEB859100F98}.Template|Mixed Platforms.ActiveCfg = Release|Win32
		{34DECEE2-6CC8-4641-902B-BEB859100F98}.Template|Mixed Platforms.Build.0 = Release|Win32
		{34DECEE2-6CC8-4641-902B-BEB859100F98}.Template|Win32.ActiveCfg = Release|Win32
		{34DECEE2-6CC8-4641-902B-BEB859100F98}.Template|Win32.Build.0 = Release|Win32
		{34DECEE2-6CC8-4641-902B-BEB859100F98}.Template|x86.ActiveCfg = Release|Win32
		{FED1A1F6-9D70-42DB-A445-AEF8F074F99C}.Debug|Any CPU.ActiveCfg = Debug|Win32
		{FED1A1F6-9D70-42DB-A445-AEF8F074F99C}.Debug|Mixed Platforms.ActiveCfg = Debug|Win32
		{FED1A1F6-9D70-42DB-A445-AEF8F074F99C}.Debug|Mixed Platforms.Build.0 = Debug|Win32
		{FED1A1F6-9D70-42DB-A445-AEF8F074F99C}.Debug|Win32.ActiveCfg = Debug|Win32
		{FED1A1F6-9D70-42DB-A445-AEF8F074F99C}.Debug|Win32.Build.0 = Debug|Win32
		{FED1A1F6-9D70-42DB-A445-AEF8F074F99C}.Debug|x86.ActiveCfg = Debug|Win32
		{FED1A1F6-9D70-42DB-A445-AEF8F074F99C}.Release|Any CPU.ActiveCfg = Release|Win32
		{FED1A1F6-9D70-42DB-A445-AEF8F074F99C}.Release|Mixed Platforms.ActiveCfg = Release|Win32
		{FED1A1F6-9D70-42DB-A445-AEF8F074F99C}.Release|Mixed Platforms.Build.0 = Release|Win32
		{FED1A1F6-9D70-42DB-A445-AEF8F074F99C}.Release|Win32.ActiveCfg = Release|Win32
		{FED1A1F6-9D70-42DB-A445-AEF8F074F99C}.Release|Win32.Build.0 = Release|Win32
		{FED1A1F6-9D70-42DB-A445-AEF8F074F99C}.Release|x86.ActiveCfg = Release|Win32
		{FED1A1F6-9D70-42DB-A445-AEF8F074F99C}.Template|Any CPU.ActiveCfg = Release|Win32
		{FED1A1F6-9D70-42DB-A445-AEF8F074F99C}.Template|Mixed Platforms.ActiveCfg = Release|Win32
		{FED1A1F6-9D70-42DB-A445-AEF8F074F99C}.Template|Mixed Platforms.Build.0 = Release|Win32
		{FED1A1F6-9D70-42DB-A445-AEF8F074F99C}.Template|Win32.ActiveCfg = Release|Win32
		{FED1A1F6-9D70-42DB-A445-AEF8F074F99C}.Template|Win32.Build.0 = Release|Win32
		{FED1A1F6-9D70-42DB-A445-AEF8F074F99C}.Template|x86.ActiveCfg = Release|Win32
		{F8DAACF3-18A0-4606-BB4E-BB90C0D44AC3}.Debug|Any CPU.ActiveCfg = Debug|Win32
		{F8DAACF3-18A0-4606-BB4E-BB90C0D44AC3}.Debug|Mixed Platforms.ActiveCfg = Debug|Win32
		{F8DAACF3-18A0-4606-BB4E-BB90C0D44AC3}.Debug|Mixed Platforms.Build.0 = Debug|Win32
		{F8DAACF3-18A0-4606-BB4E-BB90C0D44AC3}.Debug|Win32.ActiveCfg = Debug|Win32
		{F8DAACF3-18A0-4606-BB4E-BB90C0D44AC3}.Debug|Win32.Build.0 = Debug|Win32
		{F8DAACF3-18A0-4606-BB4E-BB90C0D44AC3}.Debug|x86.ActiveCfg = Debug|Win32
		{F8DAACF3-18A0-4606-BB4E-BB90C0D44AC3}.Release|Any CPU.ActiveCfg = Release|Win32
		{F8DAACF3-18A0-4606-BB4E-BB90C0D44AC3}.Release|Mixed Platforms.ActiveCfg = Release|Win32
		{F8DAACF3-18A0-4606-BB4E-BB90C0D44AC3}.Release|Mixed Platforms.Build.0 = Release|Win32
		{F8DAACF3-18A0-4606-BB4E-BB90C0D44AC3}.Release|Win32.ActiveCfg = Release|Win32
		{F8DAACF3-18A0-4606-BB4E-BB90C0D44AC3}.Release|Win32.Build.0 = Release|Win32
		{F8DAACF3-18A0-4606-BB4E-BB90C0D44AC3}.Release|x86.ActiveCfg = Release|Win32
		{F8DAACF3-18A0-4606-BB4E-BB90C0D44AC3}.Template|Any CPU.ActiveCfg = Release|Win32
		{F8DAACF3-18A0-4606-BB4E-BB90C0D44AC3}.Template|Mixed Platforms.ActiveCfg = Release|Win32
		{F8DAACF3-18A0-4606-BB4E-BB90C0D44AC3}.Template|Mixed Platforms.Build.0 = Release|Win32
		{F8DAACF3-18A0-4606-BB4E-BB90C0D44AC3}.Template|Win32.ActiveCfg = Release|Win32
		{F8DAACF3-18A0-4606-BB4E-BB90C0D44AC3}.Template|Win32.Build.0 = Release|Win32
		{F8DAACF3-18A0-4606-BB4E-BB90C0D44AC3}.Template|x86.ActiveCfg = Release|Win32
		{D4A59A3C-5786-4FC5-8FC3-7C4308B75A3F}.Debug|Any CPU.ActiveCfg = Debug|Win32
		{D4A59A3C-5786-4FC5-8FC3-7C4308B75A3F}.Debug|Mixed Platforms.ActiveCfg = Debug|Win32
		{D4A59A3C-5786-4FC5-8FC3-7C4308B75A3F}.Debug|Mixed Platforms.Build.0 = Debug|Win32
		{D4A59A3C-5786-4FC5-8FC3-7C4308B75A3F}.Debug|Win32.ActiveCfg = Debug|Win32
		{D4A59A3C-5786-4FC5-8FC3-7C4308B75A3F}.Debug|Win32.Build.0 = Debug|Win32
		{D4A59A3C-5786-4FC5-8FC3-7C4308B75A3F}.Debug|x86.ActiveCfg = Debug|Win32
		{D4A59A3C-5786-4FC5-8FC3-7C4308B75A3F}.Release|Any CPU.ActiveCfg = Release|Win32
		{D4A59A3C-5786-4FC5-8FC3-7C4308B75A3F}.Release|Mixed Platforms.ActiveCfg = Release|Win32
		{D4A59A3C-5786-4FC5-8FC3-7C4308B75A3F}.Release|Mixed Platforms.Build.0 = Release|Win32
		{D4A59A3C-5786-4FC5-8FC3-7C4308B75A3F}.Release|Win32.ActiveCfg = Release|Win32
		{D4A59A3C-5786-4FC5-8FC3-7C4308B75A3F}.Release|Win32.Build.0 = Release|Win32
		{D4A59A3C-5786-4FC5-8FC3-7C4308B75A3F}.Release|x86.ActiveCfg = Release|Win32
		{D4A59A3C-5786-4FC5-8FC3-7C4308B75A3F}.Template|Any CPU.ActiveCfg = Release|Win32
		{D4A59A3C-5786-4FC5-8FC3-7C4308B75A3F}.Template|Mixed Platforms.ActiveCfg = Release|Win32
		{D4A59A3C-5786-4FC5-8FC3-7C4308B75A3F}.Template|Mixed Platforms.Build.0 = Release|Win32
		{D4A59A3C-5786-4FC5-8FC3-7C4308B75A3F}.Template|Win32.ActiveCfg = Release|Win32
		{D4A59A3C-5786-4FC5-8FC3-7C4308B75A3F}.Template|Win32.Build.0 = Release|Win32
		{D4A59A3C-5786-4FC5-8FC3-7C4308B75A3F}.Template|x86.ActiveCfg = Release|Win32
		{93ADB545-6FDE-4995-A648-B836FF587924}.Debug|Any CPU.ActiveCfg = Debug|x86
		{93ADB545-6FDE-4995-A648-B836FF587924}.Debug|Mixed Platforms.ActiveCfg = Debug|x86
		{93ADB545-6FDE-4995-A648-B836FF587924}.Debug|Mixed Platforms.Build.0 = Debug|x86
		{93ADB545-6FDE-4995-A648-B836FF587924}.Debug|Win32.ActiveCfg = Debug|x86
		{93ADB545-6FDE-4995-A648-B836FF587924}.Debug|x86.ActiveCfg = Debug|x86
		{93ADB545-6FDE-4995-A648-B836FF587924}.Debug|x86.Build.0 = Debug|x86
		{93ADB545-6FDE-4995-A648-B836FF587924}.Release|Any CPU.ActiveCfg = Release|x86
		{93ADB545-6FDE-4995-A648-B836FF587924}.Release|Mixed Platforms.ActiveCfg = Release|x86
		{93ADB545-6FDE-4995-A648-B836FF587924}.Release|Mixed Platforms.Build.0 = Release|x86
		{93ADB545-6FDE-4995-A648-B836FF587924}.Release|Win32.ActiveCfg = Release|x86
		{93ADB545-6FDE-4995-A648-B836FF587924}.Release|x86.ActiveCfg = Release|x86
		{93ADB545-6FDE-4995-A648-B836FF587924}.Release|x86.Build.0 = Release|x86
		{93ADB545-6FDE-4995-A648-B836FF587924}.Template|Any CPU.ActiveCfg = Release|x86
		{93ADB545-6FDE-4995-A648-B836FF587924}.Template|Mixed Platforms.ActiveCfg = Release|x86
		{93ADB545-6FDE-4995-A648-B836FF587924}.Template|Mixed Platforms.Build.0 = Release|x86
		{93ADB545-6FDE-4995-A648-B836FF587924}.Template|Win32.ActiveCfg = Release|x86
		{93ADB545-6FDE-4995-A648-B836FF587924}.Template|x86.ActiveCfg = Release|x86
		{93ADB545-6FDE-4995-A648-B836FF587924}.Template|x86.Build.0 = Release|x86
		{C969609B-8A6A-4D79-B77B-EB7C2A5DC54E}.Debug|Any CPU.ActiveCfg = Debug|Any CPU
		{C969609B-8A6A-4D79-B77B-EB7C2A5DC54E}.Debug|Any CPU.Build.0 = Debug|Any CPU
		{C969609B-8A6A-4D79-B77B-EB7C2A5DC54E}.Debug|Mixed Platforms.ActiveCfg = Debug|Any CPU
		{C969609B-8A6A-4D79-B77B-EB7C2A5DC54E}.Debug|Mixed Platforms.Build.0 = Debug|Any CPU
		{C969609B-8A6A-4D79-B77B-EB7C2A5DC54E}.Debug|Win32.ActiveCfg = Debug|Any CPU
		{C969609B-8A6A-4D79-B77B-EB7C2A5DC54E}.Debug|x86.ActiveCfg = Debug|Any CPU
		{C969609B-8A6A-4D79-B77B-EB7C2A5DC54E}.Release|Any CPU.ActiveCfg = Release|Any CPU
		{C969609B-8A6A-4D79-B77B-EB7C2A5DC54E}.Release|Any CPU.Build.0 = Release|Any CPU
		{C969609B-8A6A-4D79-B77B-EB7C2A5DC54E}.Release|Mixed Platforms.ActiveCfg = Release|Any CPU
		{C969609B-8A6A-4D79-B77B-EB7C2A5DC54E}.Release|Mixed Platforms.Build.0 = Release|Any CPU
		{C969609B-8A6A-4D79-B77B-EB7C2A5DC54E}.Release|Win32.ActiveCfg = Release|Any CPU
		{C969609B-8A6A-4D79-B77B-EB7C2A5DC54E}.Release|x86.ActiveCfg = Release|Any CPU
		{C969609B-8A6A-4D79-B77B-EB7C2A5DC54E}.Template|Any CPU.ActiveCfg = Release|Any CPU
		{C969609B-8A6A-4D79-B77B-EB7C2A5DC54E}.Template|Any CPU.Build.0 = Release|Any CPU
		{C969609B-8A6A-4D79-B77B-EB7C2A5DC54E}.Template|Mixed Platforms.ActiveCfg = Release|Any CPU
		{C969609B-8A6A-4D79-B77B-EB7C2A5DC54E}.Template|Mixed Platforms.Build.0 = Release|Any CPU
		{C969609B-8A6A-4D79-B77B-EB7C2A5DC54E}.Template|Win32.ActiveCfg = Release|Any CPU
		{C969609B-8A6A-4D79-B77B-EB7C2A5DC54E}.Template|x86.ActiveCfg = Release|Any CPU
		{F6F8359B-9DC1-4B1E-A2B6-076DE77C8EB2}.Debug|Any CPU.ActiveCfg = Debug|Any CPU
		{F6F8359B-9DC1-4B1E-A2B6-076DE77C8EB2}.Debug|Any CPU.Build.0 = Debug|Any CPU
		{F6F8359B-9DC1-4B1E-A2B6-076DE77C8EB2}.Debug|Mixed Platforms.ActiveCfg = Debug|Any CPU
		{F6F8359B-9DC1-4B1E-A2B6-076DE77C8EB2}.Debug|Mixed Platforms.Build.0 = Debug|Any CPU
		{F6F8359B-9DC1-4B1E-A2B6-076DE77C8EB2}.Debug|Win32.ActiveCfg = Debug|Any CPU
		{F6F8359B-9DC1-4B1E-A2B6-076DE77C8EB2}.Debug|x86.ActiveCfg = Debug|Any CPU
		{F6F8359B-9DC1-4B1E-A2B6-076DE77C8EB2}.Release|Any CPU.ActiveCfg = Release|Any CPU
		{F6F8359B-9DC1-4B1E-A2B6-076DE77C8EB2}.Release|Any CPU.Build.0 = Release|Any CPU
		{F6F8359B-9DC1-4B1E-A2B6-076DE77C8EB2}.Release|Mixed Platforms.ActiveCfg = Release|Any CPU
		{F6F8359B-9DC1-4B1E-A2B6-076DE77C8EB2}.Release|Mixed Platforms.Build.0 = Release|Any CPU
		{F6F8359B-9DC1-4B1E-A2B6-076DE77C8EB2}.Release|Win32.ActiveCfg = Release|Any CPU
		{F6F8359B-9DC1-4B1E-A2B6-076DE77C8EB2}.Release|x86.ActiveCfg = Release|Any CPU
		{F6F8359B-9DC1-4B1E-A2B6-076DE77C8EB2}.Template|Any CPU.ActiveCfg = Release|Any CPU
		{F6F8359B-9DC1-4B1E-A2B6-076DE77C8EB2}.Template|Any CPU.Build.0 = Release|Any CPU
		{F6F8359B-9DC1-4B1E-A2B6-076DE77C8EB2}.Template|Mixed Platforms.ActiveCfg = Release|Any CPU
		{F6F8359B-9DC1-4B1E-A2B6-076DE77C8EB2}.Template|Mixed Platforms.Build.0 = Release|Any CPU
		{F6F8359B-9DC1-4B1E-A2B6-076DE77C8EB2}.Template|Win32.ActiveCfg = Release|Any CPU
		{F6F8359B-9DC1-4B1E-A2B6-076DE77C8EB2}.Template|x86.ActiveCfg = Release|Any CPU
		{2D8FE457-571B-448B-A69A-C10DAE78EA26}.Debug|Any CPU.ActiveCfg = Debug|Any CPU
		{2D8FE457-571B-448B-A69A-C10DAE78EA26}.Debug|Any CPU.Build.0 = Debug|Any CPU
		{2D8FE457-571B-448B-A69A-C10DAE78EA26}.Debug|Mixed Platforms.ActiveCfg = Debug|Any CPU
		{2D8FE457-571B-448B-A69A-C10DAE78EA26}.Debug|Mixed Platforms.Build.0 = Debug|Any CPU
		{2D8FE457-571B-448B-A69A-C10DAE78EA26}.Debug|Win32.ActiveCfg = Debug|Any CPU
		{2D8FE457-571B-448B-A69A-C10DAE78EA26}.Debug|x86.ActiveCfg = Debug|Any CPU
		{2D8FE457-571B-448B-A69A-C10DAE78EA26}.Release|Any CPU.ActiveCfg = Release|Any CPU
		{2D8FE457-571B-448B-A69A-C10DAE78EA26}.Release|Any CPU.Build.0 = Release|Any CPU
		{2D8FE457-571B-448B-A69A-C10DAE78EA26}.Release|Mixed Platforms.ActiveCfg = Release|Any CPU
		{2D8FE457-571B-448B-A69A-C10DAE78EA26}.Release|Mixed Platforms.Build.0 = Release|Any CPU
		{2D8FE457-571B-448B-A69A-C10DAE78EA26}.Release|Win32.ActiveCfg = Release|Any CPU
		{2D8FE457-571B-448B-A69A-C10DAE78EA26}.Release|x86.ActiveCfg = Release|Any CPU
		{2D8FE457-571B-448B-A69A-C10DAE78EA26}.Template|Any CPU.ActiveCfg = Release|Any CPU
		{2D8FE457-571B-448B-A69A-C10DAE78EA26}.Template|Any CPU.Build.0 = Release|Any CPU
		{2D8FE457-571B-448B-A69A-C10DAE78EA26}.Template|Mixed Platforms.ActiveCfg = Release|Any CPU
		{2D8FE457-571B-448B-A69A-C10DAE78EA26}.Template|Mixed Platforms.Build.0 = Release|Any CPU
		{2D8FE457-571B-448B-A69A-C10DAE78EA26}.Template|Win32.ActiveCfg = Release|Any CPU
		{2D8FE457-571B-448B-A69A-C10DAE78EA26}.Template|x86.ActiveCfg = Release|Any CPU
		{8B4D720A-A323-47E2-A215-B57DDCA254AB}.Debug|Any CPU.ActiveCfg = Debug|Any CPU
		{8B4D720A-A323-47E2-A215-B57DDCA254AB}.Debug|Any CPU.Build.0 = Debug|Any CPU
		{8B4D720A-A323-47E2-A215-B57DDCA254AB}.Debug|Mixed Platforms.ActiveCfg = Debug|Any CPU
		{8B4D720A-A323-47E2-A215-B57DDCA254AB}.Debug|Mixed Platforms.Build.0 = Debug|Any CPU
		{8B4D720A-A323-47E2-A215-B57DDCA254AB}.Debug|Win32.ActiveCfg = Debug|Any CPU
		{8B4D720A-A323-47E2-A215-B57DDCA254AB}.Debug|x86.ActiveCfg = Debug|Any CPU
		{8B4D720A-A323-47E2-A215-B57DDCA254AB}.Release|Any CPU.ActiveCfg = Release|Any CPU
		{8B4D720A-A323-47E2-A215-B57DDCA254AB}.Release|Any CPU.Build.0 = Release|Any CPU
		{8B4D720A-A323-47E2-A215-B57DDCA254AB}.Release|Mixed Platforms.ActiveCfg = Release|Any CPU
		{8B4D720A-A323-47E2-A215-B57DDCA254AB}.Release|Mixed Platforms.Build.0 = Release|Any CPU
		{8B4D720A-A323-47E2-A215-B57DDCA254AB}.Release|Win32.ActiveCfg = Release|Any CPU
		{8B4D720A-A323-47E2-A215-B57DDCA254AB}.Release|x86.ActiveCfg = Release|Any CPU
		{8B4D720A-A323-47E2-A215-B57DDCA254AB}.Template|Any CPU.ActiveCfg = Release|Any CPU
		{8B4D720A-A323-47E2-A215-B57DDCA254AB}.Template|Any CPU.Build.0 = Release|Any CPU
		{8B4D720A-A323-47E2-A215-B57DDCA254AB}.Template|Mixed Platforms.ActiveCfg = Release|Any CPU
		{8B4D720A-A323-47E2-A215-B57DDCA254AB}.Template|Mixed Platforms.Build.0 = Release|Any CPU
		{8B4D720A-A323-47E2-A215-B57DDCA254AB}.Template|Win32.ActiveCfg = Release|Any CPU
		{8B4D720A-A323-47E2-A215-B57DDCA254AB}.Template|x86.ActiveCfg = Release|Any CPU
	EndGlobalSection
	GlobalSection(SolutionProperties) = preSolution
		HideSolutionNode = FALSE
	EndGlobalSection
	GlobalSection(NestedProjects) = preSolution
		{315EFB0B-3883-4B56-8E6E-3DBE0BC64EC5} = {6694B395-58DC-4D62-BF7C-34EAE1798C28}
		{20C1D753-B7FF-4728-B0D5-F43AC4FF983B} = {6694B395-58DC-4D62-BF7C-34EAE1798C28}
		{B887C56A-B9A3-4738-B135-27C6DD11C5A9} = {6694B395-58DC-4D62-BF7C-34EAE1798C28}
		{D36FC349-9736-4DC3-9814-9BD612AC4EF6} = {9A5E730C-D48F-4705-93E0-5D822E4206E4}
		{9AB42935-D58D-493A-B86E-0C3909DB7457} = {304F2409-5EE4-4396-9776-1A5D2A57DE10}
		{34DECEE2-6CC8-4641-902B-BEB859100F98} = {304F2409-5EE4-4396-9776-1A5D2A57DE10}
		{E930CBCB-4442-45E5-83B5-B74C1EC9136B} = {145AA424-FC24-4198-B036-0D7544615311}
		{6645688D-42CC-454C-A38E-852731DBC55F} = {145AA424-FC24-4198-B036-0D7544615311}
		{93ADB545-6FDE-4995-A648-B836FF587924} = {145AA424-FC24-4198-B036-0D7544615311}
		{C969609B-8A6A-4D79-B77B-EB7C2A5DC54E} = {145AA424-FC24-4198-B036-0D7544615311}
		{F6F8359B-9DC1-4B1E-A2B6-076DE77C8EB2} = {145AA424-FC24-4198-B036-0D7544615311}
		{3A4280FB-0DA9-45D0-B645-F05071BAC2BD} = {624173AC-7DDB-47D9-AF83-4A7E746712EC}
		{6C09471F-F39E-46BD-9778-801F3D37ED9E} = {57D5B86F-711B-435F-83C6-F9B84C163B38}
		{7334685B-EC50-40F6-98D8-82AB483FCBF4} = {57D5B86F-711B-435F-83C6-F9B84C163B38}
		{DD403BA0-0962-4572-A5BA-AE0709C653E5} = {E6E0A600-D7E1-441C-BEAB-3907A7CACAF5}
		{1783E671-E7EA-473B-8E03-BF510A5F751C} = {E6E0A600-D7E1-441C-BEAB-3907A7CACAF5}
		{99295BE8-EB58-463F-B4E2-B51C474E05F5} = {E6E0A600-D7E1-441C-BEAB-3907A7CACAF5}
		{FED1A1F6-9D70-42DB-A445-AEF8F074F99C} = {E6E0A600-D7E1-441C-BEAB-3907A7CACAF5}
		{D4A59A3C-5786-4FC5-8FC3-7C4308B75A3F} = {E6E0A600-D7E1-441C-BEAB-3907A7CACAF5}
		{F8DAACF3-18A0-4606-BB4E-BB90C0D44AC3} = {8B1EFD6D-7B7D-43CE-8BE6-36DBD0766A86}
		{2D8FE457-571B-448B-A69A-C10DAE78EA26} = {3866A5C4-D82F-488A-8B7E-C4225418A93C}
		{8B4D720A-A323-47E2-A215-B57DDCA254AB} = {3866A5C4-D82F-488A-8B7E-C4225418A93C}
	EndGlobalSection
EndGlobal
